
Microsoft Visual Studio Solution File, Format Version 12.00
# Visual Studio Version 17
VisualStudioVersion = 17.11.35303.130
MinimumVisualStudioVersion = 10.0.40219.1
Project("{FAE04EC0-301F-11D3-BF4B-00C04F79EFBC}") = "BookAPI_NK", "BookAPI_NK\BookAPI_NK.csproj", "{094454E0-2131-4201-8E5E-C8E3FE0C9C82}"
EndProject
Global
	GlobalSection(SolutionConfigurationPlatforms) = preSolution
		Debug|Any CPU = Debug|Any CPU
		Release|Any CPU = Release|Any CPU
	EndGlobalSection
	GlobalSection(ProjectConfigurationPlatforms) = postSolution
		{094454E0-2131-4201-8E5E-C8E3FE0C9C82}.Debug|Any CPU.ActiveCfg = Debug|Any CPU
		{094454E0-2131-4201-8E5E-C8E3FE0C9C82}.Debug|Any CPU.Build.0 = Debug|Any CPU
		{094454E0-2131-4201-8E5E-C8E3FE0C9C82}.Release|Any CPU.ActiveCfg = Release|Any CPU
		{094454E0-2131-4201-8E5E-C8E3FE0C9C82}.Release|Any CPU.Build.0 = Release|Any CPU
	EndGlobalSection
	GlobalSection(SolutionProperties) = preSolution
		HideSolutionNode = FALSE
	EndGlobalSection
	GlobalSection(ExtensibilityGlobals) = postSolution
		SolutionGuid = {F7365360-A00B-4AE2-AEE0-60F1A965BCB0}
	EndGlobalSection
EndGlobal
